
Microsoft Visual Studio Solution File, Format Version 12.00
# Visual Studio Version 17
VisualStudioVersion = 17.9.34607.119
MinimumVisualStudioVersion = 10.0.40219.1
Project("{FAE04EC0-301F-11D3-BF4B-00C04F79EFBC}") = "Practice.API", "Practice.API\Practice.API.csproj", "{12D0A1D9-69EC-4035-8E97-7E566B42E977}"
EndProject
Global
	GlobalSection(SolutionConfigurationPlatforms) = preSolution
		Debug|Any CPU = Debug|Any CPU
		Release|Any CPU = Release|Any CPU
	EndGlobalSection
	GlobalSection(ProjectConfigurationPlatforms) = postSolution
		{12D0A1D9-69EC-4035-8E97-7E566B42E977}.Debug|Any CPU.ActiveCfg = Debug|Any CPU
		{12D0A1D9-69EC-4035-8E97-7E566B42E977}.Debug|Any CPU.Build.0 = Debug|Any CPU
		{12D0A1D9-69EC-4035-8E97-7E566B42E977}.Release|Any CPU.ActiveCfg = Release|Any CPU
		{12D0A1D9-69EC-4035-8E97-7E566B42E977}.Release|Any CPU.Build.0 = Release|Any CPU
	EndGlobalSection
	GlobalSection(SolutionProperties) = preSolution
		HideSolutionNode = FALSE
	EndGlobalSection
	GlobalSection(ExtensibilityGlobals) = postSolution
		SolutionGuid = {8E63324D-F6F2-4A46-A8CF-571DE0368DAE}
	EndGlobalSection
EndGlobal
